
Microsoft Visual Studio Solution File, Format Version 12.00
# Visual Studio Version 16
VisualStudioVersion = 16.0.810.22
MinimumVisualStudioVersion = 10.0.40219.1
Project("{FAE04EC0-301F-11D3-BF4B-00C04F79EFBC}") = "Semana4", "Semana4\Semana4.csproj", "{C306FC2A-0BF4-4799-B749-0420C28A4614}"
EndProject
Global
	GlobalSection(SolutionConfigurationPlatforms) = preSolution
		Debug|Any CPU = Debug|Any CPU
		Release|Any CPU = Release|Any CPU
	EndGlobalSection
	GlobalSection(ProjectConfigurationPlatforms) = postSolution
		{C306FC2A-0BF4-4799-B749-0420C28A4614}.Debug|Any CPU.ActiveCfg = Debug|Any CPU
		{C306FC2A-0BF4-4799-B749-0420C28A4614}.Debug|Any CPU.Build.0 = Debug|Any CPU
		{C306FC2A-0BF4-4799-B749-0420C28A4614}.Release|Any CPU.ActiveCfg = Release|Any CPU
		{C306FC2A-0BF4-4799-B749-0420C28A4614}.Release|Any CPU.Build.0 = Release|Any CPU
	EndGlobalSection
	GlobalSection(SolutionProperties) = preSolution
		HideSolutionNode = FALSE
	EndGlobalSection
	GlobalSection(ExtensibilityGlobals) = postSolution
		SolutionGuid = {00DAF4E3-318E-410B-8BD0-93402E4D2D4F}
	EndGlobalSection
EndGlobal
